
Microsoft Visual Studio Solution File, Format Version 12.00
# Visual Studio Version 17
VisualStudioVersion = 17.9.34728.123
MinimumVisualStudioVersion = 10.0.40219.1
Project("{FAE04EC0-301F-11D3-BF4B-00C04F79EFBC}") = "mf-dev-backend-2024", "mf-dev-backend-2024\mf-dev-backend-2024.csproj", "{C7261C79-485F-4F0A-A050-2FD3FE78B915}"
EndProject
Global
	GlobalSection(SolutionConfigurationPlatforms) = preSolution
		Debug|Any CPU = Debug|Any CPU
		Release|Any CPU = Release|Any CPU
	EndGlobalSection
	GlobalSection(ProjectConfigurationPlatforms) = postSolution
		{C7261C79-485F-4F0A-A050-2FD3FE78B915}.Debug|Any CPU.ActiveCfg = Debug|Any CPU
		{C7261C79-485F-4F0A-A050-2FD3FE78B915}.Debug|Any CPU.Build.0 = Debug|Any CPU
		{C7261C79-485F-4F0A-A050-2FD3FE78B915}.Release|Any CPU.ActiveCfg = Release|Any CPU
		{C7261C79-485F-4F0A-A050-2FD3FE78B915}.Release|Any CPU.Build.0 = Release|Any CPU
	EndGlobalSection
	GlobalSection(SolutionProperties) = preSolution
		HideSolutionNode = FALSE
	EndGlobalSection
	GlobalSection(ExtensibilityGlobals) = postSolution
		SolutionGuid = {2B6F8D25-DE99-4E95-BB3E-7CEB3BA1DC40}
	EndGlobalSection
EndGlobal
